
Microsoft Visual Studio Solution File, Format Version 12.00
# Visual Studio Version 17
VisualStudioVersion = 17.0.31903.59
MinimumVisualStudioVersion = 10.0.40219.1
Project("{2150E333-8FDC-42A3-9474-1A3956D46DE8}") = "src", "src", "{827E0CD3-B72D-47B6-A68D-7590B98EB39B}"
EndProject
Project("{2150E333-8FDC-42A3-9474-1A3956D46DE8}") = "Clients", "Clients", "{00B920E4-100F-D869-D8B1-04B3A2ED45DA}"
EndProject
# Project("{FAE04EC0-301F-11D3-BF4B-00C04F79EFBC}") = "AICalorieCounter.App", "src\Clients\AICalorieCounter.App\AICalorieCounter.App.csproj", "{83C7E380-E2E5-43AB-989A-2EA44F8D038D}"
# EndProject
Project("{2150E333-8FDC-42A3-9474-1A3956D46DE8}") = "Gateways", "Gateways", "{CBE535C5-B51A-60E9-4D99-AC1BFAA908A1}"
EndProject
Project("{FAE04EC0-301F-11D3-BF4B-00C04F79EFBC}") = "AICalorieCounter.Bff.Api", "src\Gateways\AICalorieCounter.Bff.Api\AICalorieCounter.Bff.Api.csproj", "{53B67424-D8BA-49C3-A4AA-9A629EB19E77}"
EndProject
Project("{2150E333-8FDC-42A3-9474-1A3956D46DE8}") = "Services", "Services", "{984BB9B3-3FA3-BE33-9484-CAC21695A33C}"
EndProject
Project("{2150E333-8FDC-42A3-9474-1A3956D46DE8}") = "UserService", "UserService", "{A52FF9A7-1006-A729-7F26-021652E10080}"
EndProject
Project("{FAE04EC0-301F-11D3-BF4B-00C04F79EFBC}") = "UserService.Api", "src\Services\UserService\UserService.Api\UserService.Api.csproj", "{4BCBE9FB-3F55-4B60-9EFF-0A4CD44E3169}"
EndProject
Project("{2150E333-8FDC-42A3-9474-1A3956D46DE8}") = "ImageAnalysisService", "ImageAnalysisService", "{C266C2BB-EBCD-4B03-E49E-8981716C1E86}"
EndProject
Project("{FAE04EC0-301F-11D3-BF4B-00C04F79EFBC}") = "ImageAnalysisService.Api", "src\Services\ImageAnalysisService\ImageAnalysisService.Api\ImageAnalysisService.Api.csproj", "{823289F4-CD58-464B-A83B-6B9B7183BF88}"
EndProject
Project("{2150E333-8FDC-42A3-9474-1A3956D46DE8}") = "CalorieComputationService", "CalorieComputationService", "{61207141-19EC-1FF7-CF9E-A164309E06D9}"
EndProject
Project("{FAE04EC0-301F-11D3-BF4B-00C04F79EFBC}") = "CalorieComputationService.Api", "src\Services\CalorieComputationService\CalorieComputationService.Api\CalorieComputationService.Api.csproj", "{06A895DC-F704-4D44-8530-E98E54BB2340}"
EndProject
Project("{2150E333-8FDC-42A3-9474-1A3956D46DE8}") = "PushNotificationService", "PushNotificationService", "{78FAA479-1292-9F80-CAD1-71014C878C06}"
EndProject
Project("{FAE04EC0-301F-11D3-BF4B-00C04F79EFBC}") = "PushNotificationService.Api", "src\Services\PushNotificationService\PushNotificationService.Api\PushNotificationService.Api.csproj", "{5D6E0EE4-7168-446C-8A16-E387EBDBB2CA}"
EndProject
Project("{2150E333-8FDC-42A3-9474-1A3956D46DE8}") = "NutritionService", "NutritionService", "{85EC61BB-1530-E206-0957-930E30902C52}"
EndProject
Project("{FAE04EC0-301F-11D3-BF4B-00C04F79EFBC}") = "NutritionService.Api", "src\Services\NutritionService\NutritionService.Api\NutritionService.Api.csproj", "{BFBFEA84-0781-489B-BB22-C947B56FCD9B}"
EndProject
Global
	GlobalSection(SolutionConfigurationPlatforms) = preSolution
		Debug|Any CPU = Debug|Any CPU
		Debug|x64 = Debug|x64
		Debug|x86 = Debug|x86
		Release|Any CPU = Release|Any CPU
		Release|x64 = Release|x64
		Release|x86 = Release|x86
	EndGlobalSection
	GlobalSection(ProjectConfigurationPlatforms) = postSolution
		{83C7E380-E2E5-43AB-989A-2EA44F8D038D}.Debug|Any CPU.ActiveCfg = Debug|Any CPU
		{83C7E380-E2E5-43AB-989A-2EA44F8D038D}.Debug|Any CPU.Build.0 = Debug|Any CPU
		{83C7E380-E2E5-43AB-989A-2EA44F8D038D}.Debug|x64.ActiveCfg = Debug|Any CPU
		{83C7E380-E2E5-43AB-989A-2EA44F8D038D}.Debug|x64.Build.0 = Debug|Any CPU
		{83C7E380-E2E5-43AB-989A-2EA44F8D038D}.Debug|x86.ActiveCfg = Debug|Any CPU
		{83C7E380-E2E5-43AB-989A-2EA44F8D038D}.Debug|x86.Build.0 = Debug|Any CPU
		{83C7E380-E2E5-43AB-989A-2EA44F8D038D}.Release|Any CPU.ActiveCfg = Release|Any CPU
		{83C7E380-E2E5-43AB-989A-2EA44F8D038D}.Release|Any CPU.Build.0 = Release|Any CPU
		{83C7E380-E2E5-43AB-989A-2EA44F8D038D}.Release|x64.ActiveCfg = Release|Any CPU
		{83C7E380-E2E5-43AB-989A-2EA44F8D038D}.Release|x64.Build.0 = Release|Any CPU
		{83C7E380-E2E5-43AB-989A-2EA44F8D038D}.Release|x86.ActiveCfg = Release|Any CPU
		{83C7E380-E2E5-43AB-989A-2EA44F8D038D}.Release|x86.Build.0 = Release|Any CPU
		{53B67424-D8BA-49C3-A4AA-9A629EB19E77}.Debug|Any CPU.ActiveCfg = Debug|Any CPU
		{53B67424-D8BA-49C3-A4AA-9A629EB19E77}.Debug|Any CPU.Build.0 = Debug|Any CPU
		{53B67424-D8BA-49C3-A4AA-9A629EB19E77}.Debug|x64.ActiveCfg = Debug|Any CPU
		{53B67424-D8BA-49C3-A4AA-9A629EB19E77}.Debug|x64.Build.0 = Debug|Any CPU
		{53B67424-D8BA-49C3-A4AA-9A629EB19E77}.Debug|x86.ActiveCfg = Debug|Any CPU
		{53B67424-D8BA-49C3-A4AA-9A629EB19E77}.Debug|x86.Build.0 = Debug|Any CPU
		{53B67424-D8BA-49C3-A4AA-9A629EB19E77}.Release|Any CPU.ActiveCfg = Release|Any CPU
		{53B67424-D8BA-49C3-A4AA-9A629EB19E77}.Release|Any CPU.Build.0 = Release|Any CPU
		{53B67424-D8BA-49C3-A4AA-9A629EB19E77}.Release|x64.ActiveCfg = Release|Any CPU
		{53B67424-D8BA-49C3-A4AA-9A629EB19E77}.Release|x64.Build.0 = Release|Any CPU
		{53B67424-D8BA-49C3-A4AA-9A629EB19E77}.Release|x86.ActiveCfg = Release|Any CPU
		{53B67424-D8BA-49C3-A4AA-9A629EB19E77}.Release|x86.Build.0 = Release|Any CPU
		{4BCBE9FB-3F55-4B60-9EFF-0A4CD44E3169}.Debug|Any CPU.ActiveCfg = Debug|Any CPU
		{4BCBE9FB-3F55-4B60-9EFF-0A4CD44E3169}.Debug|Any CPU.Build.0 = Debug|Any CPU
		{4BCBE9FB-3F55-4B60-9EFF-0A4CD44E3169}.Debug|x64.ActiveCfg = Debug|Any CPU
		{4BCBE9FB-3F55-4B60-9EFF-0A4CD44E3169}.Debug|x64.Build.0 = Debug|Any CPU
		{4BCBE9FB-3F55-4B60-9EFF-0A4CD44E3169}.Debug|x86.ActiveCfg = Debug|Any CPU
		{4BCBE9FB-3F55-4B60-9EFF-0A4CD44E3169}.Debug|x86.Build.0 = Debug|Any CPU
		{4BCBE9FB-3F55-4B60-9EFF-0A4CD44E3169}.Release|Any CPU.ActiveCfg = Release|Any CPU
		{4BCBE9FB-3F55-4B60-9EFF-0A4CD44E3169}.Release|Any CPU.Build.0 = Release|Any CPU
		{4BCBE9FB-3F55-4B60-9EFF-0A4CD44E3169}.Release|x64.ActiveCfg = Release|Any CPU
		{4BCBE9FB-3F55-4B60-9EFF-0A4CD44E3169}.Release|x64.Build.0 = Release|Any CPU
		{4BCBE9FB-3F55-4B60-9EFF-0A4CD44E3169}.Release|x86.ActiveCfg = Release|Any CPU
		{4BCBE9FB-3F55-4B60-9EFF-0A4CD44E3169}.Release|x86.Build.0 = Release|Any CPU
		{823289F4-CD58-464B-A83B-6B9B7183BF88}.Debug|Any CPU.ActiveCfg = Debug|Any CPU
		{823289F4-CD58-464B-A83B-6B9B7183BF88}.Debug|Any CPU.Build.0 = Debug|Any CPU
		{823289F4-CD58-464B-A83B-6B9B7183BF88}.Debug|x64.ActiveCfg = Debug|Any CPU
		{823289F4-CD58-464B-A83B-6B9B7183BF88}.Debug|x64.Build.0 = Debug|Any CPU
		{823289F4-CD58-464B-A83B-6B9B7183BF88}.Debug|x86.ActiveCfg = Debug|Any CPU
		{823289F4-CD58-464B-A83B-6B9B7183BF88}.Debug|x86.Build.0 = Debug|Any CPU
		{823289F4-CD58-464B-A83B-6B9B7183BF88}.Release|Any CPU.ActiveCfg = Release|Any CPU
		{823289F4-CD58-464B-A83B-6B9B7183BF88}.Release|Any CPU.Build.0 = Release|Any CPU
		{823289F4-CD58-464B-A83B-6B9B7183BF88}.Release|x64.ActiveCfg = Release|Any CPU
		{823289F4-CD58-464B-A83B-6B9B7183BF88}.Release|x64.Build.0 = Release|Any CPU
		{823289F4-CD58-464B-A83B-6B9B7183BF88}.Release|x86.ActiveCfg = Release|Any CPU
		{823289F4-CD58-464B-A83B-6B9B7183BF88}.Release|x86.Build.0 = Release|Any CPU
		{06A895DC-F704-4D44-8530-E98E54BB2340}.Debug|Any CPU.ActiveCfg = Debug|Any CPU
		{06A895DC-F704-4D44-8530-E98E54BB2340}.Debug|Any CPU.Build.0 = Debug|Any CPU
		{06A895DC-F704-4D44-8530-E98E54BB2340}.Debug|x64.ActiveCfg = Debug|Any CPU
		{06A895DC-F704-4D44-8530-E98E54BB2340}.Debug|x64.Build.0 = Debug|Any CPU
		{06A895DC-F704-4D44-8530-E98E54BB2340}.Debug|x86.ActiveCfg = Debug|Any CPU
		{06A895DC-F704-4D44-8530-E98E54BB2340}.Debug|x86.Build.0 = Debug|Any CPU
		{06A895DC-F704-4D44-8530-E98E54BB2340}.Release|Any CPU.ActiveCfg = Release|Any CPU
		{06A895DC-F704-4D44-8530-E98E54BB2340}.Release|Any CPU.Build.0 = Release|Any CPU
		{06A895DC-F704-4D44-8530-E98E54BB2340}.Release|x64.ActiveCfg = Release|Any CPU
		{06A895DC-F704-4D44-8530-E98E54BB2340}.Release|x64.Build.0 = Release|Any CPU
		{06A895DC-F704-4D44-8530-E98E54BB2340}.Release|x86.ActiveCfg = Release|Any CPU
		{06A895DC-F704-4D44-8530-E98E54BB2340}.Release|x86.Build.0 = Release|Any CPU
		{5D6E0EE4-7168-446C-8A16-E387EBDBB2CA}.Debug|Any CPU.ActiveCfg = Debug|Any CPU
		{5D6E0EE4-7168-446C-8A16-E387EBDBB2CA}.Debug|Any CPU.Build.0 = Debug|Any CPU
		{5D6E0EE4-7168-446C-8A16-E387EBDBB2CA}.Debug|x64.ActiveCfg = Debug|Any CPU
		{5D6E0EE4-7168-446C-8A16-E387EBDBB2CA}.Debug|x64.Build.0 = Debug|Any CPU
		{5D6E0EE4-7168-446C-8A16-E387EBDBB2CA}.Debug|x86.ActiveCfg = Debug|Any CPU
		{5D6E0EE4-7168-446C-8A16-E387EBDBB2CA}.Debug|x86.Build.0 = Debug|Any CPU
		{5D6E0EE4-7168-446C-8A16-E387EBDBB2CA}.Release|Any CPU.ActiveCfg = Release|Any CPU
		{5D6E0EE4-7168-446C-8A16-E387EBDBB2CA}.Release|Any CPU.Build.0 = Release|Any CPU
		{5D6E0EE4-7168-446C-8A16-E387EBDBB2CA}.Release|x64.ActiveCfg = Release|Any CPU
		{5D6E0EE4-7168-446C-8A16-E387EBDBB2CA}.Release|x64.Build.0 = Release|Any CPU
		{5D6E0EE4-7168-446C-8A16-E387EBDBB2CA}.Release|x86.ActiveCfg = Release|Any CPU
		{5D6E0EE4-7168-446C-8A16-E387EBDBB2CA}.Release|x86.Build.0 = Release|Any CPU
		{BFBFEA84-0781-489B-BB22-C947B56FCD9B}.Debug|Any CPU.ActiveCfg = Debug|Any CPU
		{BFBFEA84-0781-489B-BB22-C947B56FCD9B}.Debug|Any CPU.Build.0 = Debug|Any CPU
		{BFBFEA84-0781-489B-BB22-C947B56FCD9B}.Debug|x64.ActiveCfg = Debug|Any CPU
		{BFBFEA84-0781-489B-BB22-C947B56FCD9B}.Debug|x64.Build.0 = Debug|Any CPU
		{BFBFEA84-0781-489B-BB22-C947B56FCD9B}.Debug|x86.ActiveCfg = Debug|Any CPU
		{BFBFEA84-0781-489B-BB22-C947B56FCD9B}.Debug|x86.Build.0 = Debug|Any CPU
		{BFBFEA84-0781-489B-BB22-C947B56FCD9B}.Release|Any CPU.ActiveCfg = Release|Any CPU
		{BFBFEA84-0781-489B-BB22-C947B56FCD9B}.Release|Any CPU.Build.0 = Release|Any CPU
		{BFBFEA84-0781-489B-BB22-C947B56FCD9B}.Release|x64.ActiveCfg = Release|Any CPU
		{BFBFEA84-0781-489B-BB22-C947B56FCD9B}.Release|x64.Build.0 = Release|Any CPU
		{BFBFEA84-0781-489B-BB22-C947B56FCD9B}.Release|x86.ActiveCfg = Release|Any CPU
		{BFBFEA84-0781-489B-BB22-C947B56FCD9B}.Release|x86.Build.0 = Release|Any CPU
	EndGlobalSection
	GlobalSection(SolutionProperties) = preSolution
		HideSolutionNode = FALSE
	EndGlobalSection
	GlobalSection(NestedProjects) = preSolution
		# {00B920E4-100F-D869-D8B1-04B3A2ED45DA} = {827E0CD3-B72D-47B6-A68D-7590B98EB39B}
		# {83C7E380-E2E5-43AB-989A-2EA44F8D038D} = {00B920E4-100F-D869-D8B1-04B3A2ED45DA}
		{CBE535C5-B51A-60E9-4D99-AC1BFAA908A1} = {827E0CD3-B72D-47B6-A68D-7590B98EB39B}
		{53B67424-D8BA-49C3-A4AA-9A629EB19E77} = {CBE535C5-B51A-60E9-4D99-AC1BFAA908A1}
		{984BB9B3-3FA3-BE33-9484-CAC21695A33C} = {827E0CD3-B72D-47B6-A68D-7590B98EB39B}
		{A52FF9A7-1006-A729-7F26-021652E10080} = {984BB9B3-3FA3-BE33-9484-CAC21695A33C}
		{4BCBE9FB-3F55-4B60-9EFF-0A4CD44E3169} = {A52FF9A7-1006-A729-7F26-021652E10080}
		{C266C2BB-EBCD-4B03-E49E-8981716C1E86} = {984BB9B3-3FA3-BE33-9484-CAC21695A33C}
		{823289F4-CD58-464B-A83B-6B9B7183BF88} = {C266C2BB-EBCD-4B03-E49E-8981716C1E86}
		{61207141-19EC-1FF7-CF9E-A164309E06D9} = {984BB9B3-3FA3-BE33-9484-CAC21695A33C}
		{06A895DC-F704-4D44-8530-E98E54BB2340} = {61207141-19EC-1FF7-CF9E-A164309E06D9}
		{78FAA479-1292-9F80-CAD1-71014C878C06} = {984BB9B3-3FA3-BE33-9484-CAC21695A33C}
		{5D6E0EE4-7168-446C-8A16-E387EBDBB2CA} = {78FAA479-1292-9F80-CAD1-71014C878C06}
		{85EC61BB-1530-E206-0957-930E30902C52} = {984BB9B3-3FA3-BE33-9484-CAC21695A33C}
		{BFBFEA84-0781-489B-BB22-C947B56FCD9B} = {85EC61BB-1530-E206-0957-930E30902C52}
	EndGlobalSection
EndGlobal
